
Microsoft Visual Studio Solution File, Format Version 12.00
# Visual Studio 15
Project("{FAE04EC0-301F-11D3-BF4B-00C04F79EFBC}") = "UnityEngine.TestRunner", "UnityEngine.TestRunner.csproj", "{30F31C71-C5EF-40D4-8C0B-4B15A8124A1A}"
EndProject
Project("{FAE04EC0-301F-11D3-BF4B-00C04F79EFBC}") = "Unity.Timeline", "Unity.Timeline.csproj", "{B53809F8-BBD5-B9E9-43A0-D1533F284D86}"
EndProject
Project("{FAE04EC0-301F-11D3-BF4B-00C04F79EFBC}") = "UnityEngine.UI", "UnityEngine.UI.csproj", "{17F5C92E-62E8-B7D3-9CC1-25939BB4887E}"
EndProject
Project("{FAE04EC0-301F-11D3-BF4B-00C04F79EFBC}") = "Unity.TextMeshPro", "Unity.TextMeshPro.csproj", "{1656DB4C-D722-B0C4-AF6C-BBA18206D1BC}"
EndProject
Project("{FAE04EC0-301F-11D3-BF4B-00C04F79EFBC}") = "Unity.Barracuda", "Unity.Barracuda.csproj", "{3F9429AB-418E-2FB5-F83B-309522A83A53}"
EndProject
Project("{FAE04EC0-301F-11D3-BF4B-00C04F79EFBC}") = "Unity.ML-Agents", "Unity.ML-Agents.csproj", "{D2DEC718-D0DE-44A7-E64E-181B065D95EB}"
EndProject
Project("{FAE04EC0-301F-11D3-BF4B-00C04F79EFBC}") = "Unity.Mathematics", "Unity.Mathematics.csproj", "{2D36875C-FC33-B017-1F7E-85BFCBE92AC8}"
EndProject
Project("{FAE04EC0-301F-11D3-BF4B-00C04F79EFBC}") = "Unity.Burst", "Unity.Burst.csproj", "{3E4CBEA5-96EA-E3BC-B445-1B4D5DC96E5C}"
EndProject
Project("{FAE04EC0-301F-11D3-BF4B-00C04F79EFBC}") = "Unity.Barracuda.ONNX", "Unity.Barracuda.ONNX.csproj", "{2BECCD1C-5CF7-FC8E-D7F1-8D97775B5192}"
EndProject
Project("{FAE04EC0-301F-11D3-BF4B-00C04F79EFBC}") = "Unity.ML-Agents.CommunicatorObjects", "Unity.ML-Agents.CommunicatorObjects.csproj", "{4BB198BC-5D6D-B5CF-10DD-52D2E914F2EC}"
EndProject
Project("{FAE04EC0-301F-11D3-BF4B-00C04F79EFBC}") = "Unity.Barracuda.BurstBLAS", "Unity.Barracuda.BurstBLAS.csproj", "{568C1912-AD6B-1C1A-D3E4-199F0FAEA713}"
EndProject
Project("{FAE04EC0-301F-11D3-BF4B-00C04F79EFBC}") = "Unity.Barracuda.MacBLAS", "Unity.Barracuda.MacBLAS.csproj", "{F7569946-544B-CD92-3761-2A0FCF5D1679}"
EndProject
Project("{FAE04EC0-301F-11D3-BF4B-00C04F79EFBC}") = "Unity.Barracuda.iOSBLAS", "Unity.Barracuda.iOSBLAS.csproj", "{1EE94FB8-CEF8-03CB-4660-B36F2592CC99}"
EndProject
Project("{FAE04EC0-301F-11D3-BF4B-00C04F79EFBC}") = "UnityEditor.TestRunner", "UnityEditor.TestRunner.csproj", "{E9541DA3-9F54-7C8D-6151-CBFAB918BD0B}"
EndProject
Project("{FAE04EC0-301F-11D3-BF4B-00C04F79EFBC}") = "Unity.PlasticSCM.Editor", "Unity.PlasticSCM.Editor.csproj", "{2E7F01B4-C098-0436-2F96-FC8EF4E3C7BB}"
EndProject
Project("{FAE04EC0-301F-11D3-BF4B-00C04F79EFBC}") = "UnityEditor.UI", "UnityEditor.UI.csproj", "{E7D51831-0049-0568-A6F0-EC619D2E430D}"
EndProject
Project("{FAE04EC0-301F-11D3-BF4B-00C04F79EFBC}") = "Unity.Services.Core.Editor", "Unity.Services.Core.Editor.csproj", "{4CA566AA-2282-AD6C-1D01-B1C4ACD7789B}"
EndProject
Project("{FAE04EC0-301F-11D3-BF4B-00C04F79EFBC}") = "Unity.Timeline.Editor", "Unity.Timeline.Editor.csproj", "{3F865D7B-F6B0-B9CE-E131-7C13CDDCA5A3}"
EndProject
Project("{FAE04EC0-301F-11D3-BF4B-00C04F79EFBC}") = "Unity.VisualStudio.Editor", "Unity.VisualStudio.Editor.csproj", "{1B1A1678-5E41-E656-2893-99A3AC1B7393}"
EndProject
Project("{FAE04EC0-301F-11D3-BF4B-00C04F79EFBC}") = "Unity.TextMeshPro.Editor", "Unity.TextMeshPro.Editor.csproj", "{71D6CA48-D215-436C-33B6-966DF0885C5C}"
EndProject
Project("{FAE04EC0-301F-11D3-BF4B-00C04F79EFBC}") = "Unity.CollabProxy.Editor", "Unity.CollabProxy.Editor.csproj", "{3E3C4829-5274-C8D5-BE45-E84B54B0C0BA}"
EndProject
Project("{FAE04EC0-301F-11D3-BF4B-00C04F79EFBC}") = "Unity.Rider.Editor", "Unity.Rider.Editor.csproj", "{1A77964C-053A-8A8D-6EB0-8DB17F3E4AD0}"
EndProject
Project("{FAE04EC0-301F-11D3-BF4B-00C04F79EFBC}") = "Unity.VSCode.Editor", "Unity.VSCode.Editor.csproj", "{A54BC249-3181-E3B4-386D-BB5A3CDB13DE}"
EndProject
Project("{FAE04EC0-301F-11D3-BF4B-00C04F79EFBC}") = "Unity.Barracuda.Editor", "Unity.Barracuda.Editor.csproj", "{787AA12B-F608-3100-15A0-F1877D65C225}"
EndProject
Project("{FAE04EC0-301F-11D3-BF4B-00C04F79EFBC}") = "Unity.Mathematics.Editor", "Unity.Mathematics.Editor.csproj", "{C51C5110-3194-1886-720D-F943F991C75F}"
EndProject
Project("{FAE04EC0-301F-11D3-BF4B-00C04F79EFBC}") = "Unity.Burst.Editor", "Unity.Burst.Editor.csproj", "{1F2F6EF6-F885-B672-5F2C-539D51AAB541}"
EndProject
Project("{FAE04EC0-301F-11D3-BF4B-00C04F79EFBC}") = "Unity.ML-Agents.Editor", "Unity.ML-Agents.Editor.csproj", "{73E605B2-C3BB-D757-EDB1-D8C144AB7799}"
EndProject
Global
	GlobalSection(SolutionConfigurationPlatforms) = preSolution
		Debug|Any CPU = Debug|Any CPU
		Release|Any CPU = Release|Any CPU
	EndGlobalSection
	GlobalSection(ProjectConfigurationPlatforms) = postSolution
		{30F31C71-C5EF-40D4-8C0B-4B15A8124A1A}.Debug|Any CPU.ActiveCfg = Debug|Any CPU
		{30F31C71-C5EF-40D4-8C0B-4B15A8124A1A}.Debug|Any CPU.Build.0 = Debug|Any CPU
		{30F31C71-C5EF-40D4-8C0B-4B15A8124A1A}.Release|Any CPU.ActiveCfg = Release|Any CPU
		{30F31C71-C5EF-40D4-8C0B-4B15A8124A1A}.Release|Any CPU.Build.0 = Release|Any CPU
		{B53809F8-BBD5-B9E9-43A0-D1533F284D86}.Debug|Any CPU.ActiveCfg = Debug|Any CPU
		{B53809F8-BBD5-B9E9-43A0-D1533F284D86}.Debug|Any CPU.Build.0 = Debug|Any CPU
		{B53809F8-BBD5-B9E9-43A0-D1533F284D86}.Release|Any CPU.ActiveCfg = Release|Any CPU
		{B53809F8-BBD5-B9E9-43A0-D1533F284D86}.Release|Any CPU.Build.0 = Release|Any CPU
		{17F5C92E-62E8-B7D3-9CC1-25939BB4887E}.Debug|Any CPU.ActiveCfg = Debug|Any CPU
		{17F5C92E-62E8-B7D3-9CC1-25939BB4887E}.Debug|Any CPU.Build.0 = Debug|Any CPU
		{17F5C92E-62E8-B7D3-9CC1-25939BB4887E}.Release|Any CPU.ActiveCfg = Release|Any CPU
		{17F5C92E-62E8-B7D3-9CC1-25939BB4887E}.Release|Any CPU.Build.0 = Release|Any CPU
		{1656DB4C-D722-B0C4-AF6C-BBA18206D1BC}.Debug|Any CPU.ActiveCfg = Debug|Any CPU
		{1656DB4C-D722-B0C4-AF6C-BBA18206D1BC}.Debug|Any CPU.Build.0 = Debug|Any CPU
		{1656DB4C-D722-B0C4-AF6C-BBA18206D1BC}.Release|Any CPU.ActiveCfg = Release|Any CPU
		{1656DB4C-D722-B0C4-AF6C-BBA18206D1BC}.Release|Any CPU.Build.0 = Release|Any CPU
		{3F9429AB-418E-2FB5-F83B-309522A83A53}.Debug|Any CPU.ActiveCfg = Debug|Any CPU
		{3F9429AB-418E-2FB5-F83B-309522A83A53}.Debug|Any CPU.Build.0 = Debug|Any CPU
		{3F9429AB-418E-2FB5-F83B-309522A83A53}.Release|Any CPU.ActiveCfg = Release|Any CPU
		{3F9429AB-418E-2FB5-F83B-309522A83A53}.Release|Any CPU.Build.0 = Release|Any CPU
		{D2DEC718-D0DE-44A7-E64E-181B065D95EB}.Debug|Any CPU.ActiveCfg = Debug|Any CPU
		{D2DEC718-D0DE-44A7-E64E-181B065D95EB}.Debug|Any CPU.Build.0 = Debug|Any CPU
		{D2DEC718-D0DE-44A7-E64E-181B065D95EB}.Release|Any CPU.ActiveCfg = Release|Any CPU
		{D2DEC718-D0DE-44A7-E64E-181B065D95EB}.Release|Any CPU.Build.0 = Release|Any CPU
		{2D36875C-FC33-B017-1F7E-85BFCBE92AC8}.Debug|Any CPU.ActiveCfg = Debug|Any CPU
		{2D36875C-FC33-B017-1F7E-85BFCBE92AC8}.Debug|Any CPU.Build.0 = Debug|Any CPU
		{2D36875C-FC33-B017-1F7E-85BFCBE92AC8}.Release|Any CPU.ActiveCfg = Release|Any CPU
		{2D36875C-FC33-B017-1F7E-85BFCBE92AC8}.Release|Any CPU.Build.0 = Release|Any CPU
		{3E4CBEA5-96EA-E3BC-B445-1B4D5DC96E5C}.Debug|Any CPU.ActiveCfg = Debug|Any CPU
		{3E4CBEA5-96EA-E3BC-B445-1B4D5DC96E5C}.Debug|Any CPU.Build.0 = Debug|Any CPU
		{3E4CBEA5-96EA-E3BC-B445-1B4D5DC96E5C}.Release|Any CPU.ActiveCfg = Release|Any CPU
		{3E4CBEA5-96EA-E3BC-B445-1B4D5DC96E5C}.Release|Any CPU.Build.0 = Release|Any CPU
		{2BECCD1C-5CF7-FC8E-D7F1-8D97775B5192}.Debug|Any CPU.ActiveCfg = Debug|Any CPU
		{2BECCD1C-5CF7-FC8E-D7F1-8D97775B5192}.Debug|Any CPU.Build.0 = Debug|Any CPU
		{2BECCD1C-5CF7-FC8E-D7F1-8D97775B5192}.Release|Any CPU.ActiveCfg = Release|Any CPU
		{2BECCD1C-5CF7-FC8E-D7F1-8D97775B5192}.Release|Any CPU.Build.0 = Release|Any CPU
		{4BB198BC-5D6D-B5CF-10DD-52D2E914F2EC}.Debug|Any CPU.ActiveCfg = Debug|Any CPU
		{4BB198BC-5D6D-B5CF-10DD-52D2E914F2EC}.Debug|Any CPU.Build.0 = Debug|Any CPU
		{4BB198BC-5D6D-B5CF-10DD-52D2E914F2EC}.Release|Any CPU.ActiveCfg = Release|Any CPU
		{4BB198BC-5D6D-B5CF-10DD-52D2E914F2EC}.Release|Any CPU.Build.0 = Release|Any CPU
		{568C1912-AD6B-1C1A-D3E4-199F0FAEA713}.Debug|Any CPU.ActiveCfg = Debug|Any CPU
		{568C1912-AD6B-1C1A-D3E4-199F0FAEA713}.Debug|Any CPU.Build.0 = Debug|Any CPU
		{568C1912-AD6B-1C1A-D3E4-199F0FAEA713}.Release|Any CPU.ActiveCfg = Release|Any CPU
		{568C1912-AD6B-1C1A-D3E4-199F0FAEA713}.Release|Any CPU.Build.0 = Release|Any CPU
		{F7569946-544B-CD92-3761-2A0FCF5D1679}.Debug|Any CPU.ActiveCfg = Debug|Any CPU
		{F7569946-544B-CD92-3761-2A0FCF5D1679}.Debug|Any CPU.Build.0 = Debug|Any CPU
		{F7569946-544B-CD92-3761-2A0FCF5D1679}.Release|Any CPU.ActiveCfg = Release|Any CPU
		{F7569946-544B-CD92-3761-2A0FCF5D1679}.Release|Any CPU.Build.0 = Release|Any CPU
		{1EE94FB8-CEF8-03CB-4660-B36F2592CC99}.Debug|Any CPU.ActiveCfg = Debug|Any CPU
		{1EE94FB8-CEF8-03CB-4660-B36F2592CC99}.Debug|Any CPU.Build.0 = Debug|Any CPU
		{1EE94FB8-CEF8-03CB-4660-B36F2592CC99}.Release|Any CPU.ActiveCfg = Release|Any CPU
		{1EE94FB8-CEF8-03CB-4660-B36F2592CC99}.Release|Any CPU.Build.0 = Release|Any CPU
		{E9541DA3-9F54-7C8D-6151-CBFAB918BD0B}.Debug|Any CPU.ActiveCfg = Debug|Any CPU
		{E9541DA3-9F54-7C8D-6151-CBFAB918BD0B}.Debug|Any CPU.Build.0 = Debug|Any CPU
		{E9541DA3-9F54-7C8D-6151-CBFAB918BD0B}.Release|Any CPU.ActiveCfg = Release|Any CPU
		{E9541DA3-9F54-7C8D-6151-CBFAB918BD0B}.Release|Any CPU.Build.0 = Release|Any CPU
		{2E7F01B4-C098-0436-2F96-FC8EF4E3C7BB}.Debug|Any CPU.ActiveCfg = Debug|Any CPU
		{2E7F01B4-C098-0436-2F96-FC8EF4E3C7BB}.Debug|Any CPU.Build.0 = Debug|Any CPU
		{2E7F01B4-C098-0436-2F96-FC8EF4E3C7BB}.Release|Any CPU.ActiveCfg = Release|Any CPU
		{2E7F01B4-C098-0436-2F96-FC8EF4E3C7BB}.Release|Any CPU.Build.0 = Release|Any CPU
		{E7D51831-0049-0568-A6F0-EC619D2E430D}.Debug|Any CPU.ActiveCfg = Debug|Any CPU
		{E7D51831-0049-0568-A6F0-EC619D2E430D}.Debug|Any CPU.Build.0 = Debug|Any CPU
		{E7D51831-0049-0568-A6F0-EC619D2E430D}.Release|Any CPU.ActiveCfg = Release|Any CPU
		{E7D51831-0049-0568-A6F0-EC619D2E430D}.Release|Any CPU.Build.0 = Release|Any CPU
		{4CA566AA-2282-AD6C-1D01-B1C4ACD7789B}.Debug|Any CPU.ActiveCfg = Debug|Any CPU
		{4CA566AA-2282-AD6C-1D01-B1C4ACD7789B}.Debug|Any CPU.Build.0 = Debug|Any CPU
		{4CA566AA-2282-AD6C-1D01-B1C4ACD7789B}.Release|Any CPU.ActiveCfg = Release|Any CPU
		{4CA566AA-2282-AD6C-1D01-B1C4ACD7789B}.Release|Any CPU.Build.0 = Release|Any CPU
		{3F865D7B-F6B0-B9CE-E131-7C13CDDCA5A3}.Debug|Any CPU.ActiveCfg = Debug|Any CPU
		{3F865D7B-F6B0-B9CE-E131-7C13CDDCA5A3}.Debug|Any CPU.Build.0 = Debug|Any CPU
		{3F865D7B-F6B0-B9CE-E131-7C13CDDCA5A3}.Release|Any CPU.ActiveCfg = Release|Any CPU
		{3F865D7B-F6B0-B9CE-E131-7C13CDDCA5A3}.Release|Any CPU.Build.0 = Release|Any CPU
		{1B1A1678-5E41-E656-2893-99A3AC1B7393}.Debug|Any CPU.ActiveCfg = Debug|Any CPU
		{1B1A1678-5E41-E656-2893-99A3AC1B7393}.Debug|Any CPU.Build.0 = Debug|Any CPU
		{1B1A1678-5E41-E656-2893-99A3AC1B7393}.Release|Any CPU.ActiveCfg = Release|Any CPU
		{1B1A1678-5E41-E656-2893-99A3AC1B7393}.Release|Any CPU.Build.0 = Release|Any CPU
		{71D6CA48-D215-436C-33B6-966DF0885C5C}.Debug|Any CPU.ActiveCfg = Debug|Any CPU
		{71D6CA48-D215-436C-33B6-966DF0885C5C}.Debug|Any CPU.Build.0 = Debug|Any CPU
		{71D6CA48-D215-436C-33B6-966DF0885C5C}.Release|Any CPU.ActiveCfg = Release|Any CPU
		{71D6CA48-D215-436C-33B6-966DF0885C5C}.Release|Any CPU.Build.0 = Release|Any CPU
		{3E3C4829-5274-C8D5-BE45-E84B54B0C0BA}.Debug|Any CPU.ActiveCfg = Debug|Any CPU
		{3E3C4829-5274-C8D5-BE45-E84B54B0C0BA}.Debug|Any CPU.Build.0 = Debug|Any CPU
		{3E3C4829-5274-C8D5-BE45-E84B54B0C0BA}.Release|Any CPU.ActiveCfg = Release|Any CPU
		{3E3C4829-5274-C8D5-BE45-E84B54B0C0BA}.Release|Any CPU.Build.0 = Release|Any CPU
		{1A77964C-053A-8A8D-6EB0-8DB17F3E4AD0}.Debug|Any CPU.ActiveCfg = Debug|Any CPU
		{1A77964C-053A-8A8D-6EB0-8DB17F3E4AD0}.Debug|Any CPU.Build.0 = Debug|Any CPU
		{1A77964C-053A-8A8D-6EB0-8DB17F3E4AD0}.Release|Any CPU.ActiveCfg = Release|Any CPU
		{1A77964C-053A-8A8D-6EB0-8DB17F3E4AD0}.Release|Any CPU.Build.0 = Release|Any CPU
		{A54BC249-3181-E3B4-386D-BB5A3CDB13DE}.Debug|Any CPU.ActiveCfg = Debug|Any CPU
		{A54BC249-3181-E3B4-386D-BB5A3CDB13DE}.Debug|Any CPU.Build.0 = Debug|Any CPU
		{A54BC249-3181-E3B4-386D-BB5A3CDB13DE}.Release|Any CPU.ActiveCfg = Release|Any CPU
		{A54BC249-3181-E3B4-386D-BB5A3CDB13DE}.Release|Any CPU.Build.0 = Release|Any CPU
		{787AA12B-F608-3100-15A0-F1877D65C225}.Debug|Any CPU.ActiveCfg = Debug|Any CPU
		{787AA12B-F608-3100-15A0-F1877D65C225}.Debug|Any CPU.Build.0 = Debug|Any CPU
		{787AA12B-F608-3100-15A0-F1877D65C225}.Release|Any CPU.ActiveCfg = Release|Any CPU
		{787AA12B-F608-3100-15A0-F1877D65C225}.Release|Any CPU.Build.0 = Release|Any CPU
		{C51C5110-3194-1886-720D-F943F991C75F}.Debug|Any CPU.ActiveCfg = Debug|Any CPU
		{C51C5110-3194-1886-720D-F943F991C75F}.Debug|Any CPU.Build.0 = Debug|Any CPU
		{C51C5110-3194-1886-720D-F943F991C75F}.Release|Any CPU.ActiveCfg = Release|Any CPU
		{C51C5110-3194-1886-720D-F943F991C75F}.Release|Any CPU.Build.0 = Release|Any CPU
		{1F2F6EF6-F885-B672-5F2C-539D51AAB541}.Debug|Any CPU.ActiveCfg = Debug|Any CPU
		{1F2F6EF6-F885-B672-5F2C-539D51AAB541}.Debug|Any CPU.Build.0 = Debug|Any CPU
		{1F2F6EF6-F885-B672-5F2C-539D51AAB541}.Release|Any CPU.ActiveCfg = Release|Any CPU
		{1F2F6EF6-F885-B672-5F2C-539D51AAB541}.Release|Any CPU.Build.0 = Release|Any CPU
		{73E605B2-C3BB-D757-EDB1-D8C144AB7799}.Debug|Any CPU.ActiveCfg = Debug|Any CPU
		{73E605B2-C3BB-D757-EDB1-D8C144AB7799}.Debug|Any CPU.Build.0 = Debug|Any CPU
		{73E605B2-C3BB-D757-EDB1-D8C144AB7799}.Release|Any CPU.ActiveCfg = Release|Any CPU
		{73E605B2-C3BB-D757-EDB1-D8C144AB7799}.Release|Any CPU.Build.0 = Release|Any CPU
	EndGlobalSection
	GlobalSection(SolutionProperties) = preSolution
		HideSolutionNode = FALSE
	EndGlobalSection
EndGlobal
